
Microsoft Visual Studio Solution File, Format Version 12.00
# Visual Studio 15
Project("{FAE04EC0-301F-11D3-BF4B-00C04F79EFBC}") = "Unity.Timeline", "Unity.Timeline.csproj", "{51551651-0AC9-E17D-C03A-D7B13CCB1E58}"
EndProject
Project("{FAE04EC0-301F-11D3-BF4B-00C04F79EFBC}") = "MyBox", "MyBox.csproj", "{CF41B8A5-05B1-BE85-8CE0-800E9E76F2FE}"
EndProject
Project("{FAE04EC0-301F-11D3-BF4B-00C04F79EFBC}") = "Unity.Services.Authentication.PlayerAccounts", "Unity.Services.Authentication.PlayerAccounts.csproj", "{204DA82F-9754-9E39-25D4-EE08EA076395}"
EndProject
Project("{FAE04EC0-301F-11D3-BF4B-00C04F79EFBC}") = "Unity.Services.Core.Internal", "Unity.Services.Core.Internal.csproj", "{3ABD91FB-DF2D-CD4B-9F4F-1A8F7EBD20F5}"
EndProject
Project("{FAE04EC0-301F-11D3-BF4B-00C04F79EFBC}") = "Unity.PlasticSCM.Editor", "Unity.PlasticSCM.Editor.csproj", "{26FCB49B-EE01-33BD-EEFD-2DEEB1C95282}"
EndProject
Project("{FAE04EC0-301F-11D3-BF4B-00C04F79EFBC}") = "Unity.Mathematics", "Unity.Mathematics.csproj", "{F972D58F-059C-D7F2-060E-37A4EEE8FFCD}"
EndProject
Project("{FAE04EC0-301F-11D3-BF4B-00C04F79EFBC}") = "Unity.Timeline.Editor", "Unity.Timeline.Editor.csproj", "{072292FA-3771-FA4F-12D7-CE701709E09F}"
EndProject
Project("{FAE04EC0-301F-11D3-BF4B-00C04F79EFBC}") = "Unity.Services.Matchmaker", "Unity.Services.Matchmaker.csproj", "{94F1B95F-EDF6-99DC-4BA4-5C60D0297E62}"
EndProject
Project("{FAE04EC0-301F-11D3-BF4B-00C04F79EFBC}") = "Unity.VisualScripting.Core.Editor", "Unity.VisualScripting.Core.Editor.csproj", "{2F290BBE-E1A9-E1A1-58FC-8853A39A8A07}"
EndProject
Project("{FAE04EC0-301F-11D3-BF4B-00C04F79EFBC}") = "UnityEngine.TestRunner", "UnityEngine.TestRunner.csproj", "{8B571EDF-EA57-9579-4087-8238EF681768}"
EndProject
Project("{FAE04EC0-301F-11D3-BF4B-00C04F79EFBC}") = "Unity.Burst", "Unity.Burst.csproj", "{E5C0AC15-7750-A64F-AA5F-A3E9A2E011EA}"
EndProject
Project("{FAE04EC0-301F-11D3-BF4B-00C04F79EFBC}") = "Unity.Services.Core.Environments.Editor", "Unity.Services.Core.Environments.Editor.csproj", "{4543B27D-53BC-C96A-A70C-E743B2B5FCA9}"
EndProject
Project("{FAE04EC0-301F-11D3-BF4B-00C04F79EFBC}") = "Unity.VisualScripting.Flow.Editor", "Unity.VisualScripting.Flow.Editor.csproj", "{2D43C041-967D-2FC8-FE47-352B2A50989F}"
EndProject
Project("{FAE04EC0-301F-11D3-BF4B-00C04F79EFBC}") = "Unity.Animation.Rigging", "Unity.Animation.Rigging.csproj", "{FF56F8BB-FE25-7561-9D83-004163267966}"
EndProject
Project("{FAE04EC0-301F-11D3-BF4B-00C04F79EFBC}") = "Unity.Services.Analytics", "Unity.Services.Analytics.csproj", "{A68095A8-3763-BC72-4D84-C836B6F94E03}"
EndProject
Project("{FAE04EC0-301F-11D3-BF4B-00C04F79EFBC}") = "Cinemachine", "Cinemachine.csproj", "{653FB7D5-831A-83D5-8391-49549B48D6AD}"
EndProject
Project("{FAE04EC0-301F-11D3-BF4B-00C04F79EFBC}") = "Unity.VisualStudio.Editor", "Unity.VisualStudio.Editor.csproj", "{1E5FB6F5-D460-0BFA-864F-8F7BFCB37602}"
EndProject
Project("{FAE04EC0-301F-11D3-BF4B-00C04F79EFBC}") = "Unity.Services.Authentication", "Unity.Services.Authentication.csproj", "{B40496DD-2017-B2D7-53E9-01ABB5764ADA}"
EndProject
Project("{FAE04EC0-301F-11D3-BF4B-00C04F79EFBC}") = "Unity.InputSystem", "Unity.InputSystem.csproj", "{A8958FD3-6E0F-66C2-233F-0ECFE9FE7ED2}"
EndProject
Project("{FAE04EC0-301F-11D3-BF4B-00C04F79EFBC}") = "Unity.Animation.Rigging.Editor", "Unity.Animation.Rigging.Editor.csproj", "{3CB1D37B-4B1F-2FD0-13CA-978B1C109387}"
EndProject
Project("{FAE04EC0-301F-11D3-BF4B-00C04F79EFBC}") = "Unity.Services.Multiplay", "Unity.Services.Multiplay.csproj", "{AE2774C7-93DB-F68E-688C-A8429D80ED18}"
EndProject
Project("{FAE04EC0-301F-11D3-BF4B-00C04F79EFBC}") = "Unity.Services.Authentication.Editor", "Unity.Services.Authentication.Editor.csproj", "{6F796550-4BBA-11DD-184E-45078137FE7A}"
EndProject
Project("{FAE04EC0-301F-11D3-BF4B-00C04F79EFBC}") = "Unity.Searcher.Editor", "Unity.Searcher.Editor.csproj", "{0A1C226B-252C-1D0F-8B73-A1512C55642D}"
EndProject
Project("{FAE04EC0-301F-11D3-BF4B-00C04F79EFBC}") = "Fusion.Unity", "Fusion.Unity.csproj", "{53DC816B-CC41-35F4-39F1-DCCAF5A7D306}"
EndProject
Project("{FAE04EC0-301F-11D3-BF4B-00C04F79EFBC}") = "Unity.Services.Wire.Internal", "Unity.Services.Wire.Internal.csproj", "{A90B1A55-AE37-881B-C5DC-2BAF6D17DC66}"
EndProject
Project("{FAE04EC0-301F-11D3-BF4B-00C04F79EFBC}") = "Unity.VisualScripting.Core", "Unity.VisualScripting.Core.csproj", "{C56884DA-5DFC-72CA-DD3C-265343186A40}"
EndProject
Project("{FAE04EC0-301F-11D3-BF4B-00C04F79EFBC}") = "Unity.Collections", "Unity.Collections.csproj", "{D4C536A2-6731-E782-3610-1102D13EDD1A}"
EndProject
Project("{FAE04EC0-301F-11D3-BF4B-00C04F79EFBC}") = "Assembly-CSharp", "Assembly-CSharp.csproj", "{A9C8C43D-3FFB-A731-3EDA-36F1575D372C}"
EndProject
Project("{FAE04EC0-301F-11D3-BF4B-00C04F79EFBC}") = "UnityEditor.TestRunner", "UnityEditor.TestRunner.csproj", "{490EC817-89C5-E5E1-A3F2-ED3840BAC9D4}"
EndProject
Project("{FAE04EC0-301F-11D3-BF4B-00C04F79EFBC}") = "Unity.AI.Navigation.Editor.ConversionSystem", "Unity.AI.Navigation.Editor.ConversionSystem.csproj", "{D2334A69-465B-249D-6BD9-C2A84A9E2894}"
EndProject
Project("{FAE04EC0-301F-11D3-BF4B-00C04F79EFBC}") = "Unity.VisualScripting.State.Editor", "Unity.VisualScripting.State.Editor.csproj", "{EC485662-E630-18FF-5D1F-32638B9DDEDA}"
EndProject
Project("{FAE04EC0-301F-11D3-BF4B-00C04F79EFBC}") = "unity-websocket-sharp", "unity-websocket-sharp.csproj", "{2EC4713D-0AE7-AC64-7D90-E404A33BF6A3}"
EndProject
Project("{FAE04EC0-301F-11D3-BF4B-00C04F79EFBC}") = "Unity.Services.Core.Editor", "Unity.Services.Core.Editor.csproj", "{3BEF2906-3BF0-0835-1D81-1448FF273093}"
EndProject
Project("{FAE04EC0-301F-11D3-BF4B-00C04F79EFBC}") = "Unity.Burst.CodeGen", "Unity.Burst.CodeGen.csproj", "{58D886CA-F8F2-15AD-1EB4-1FFCD9F6579E}"
EndProject
Project("{FAE04EC0-301F-11D3-BF4B-00C04F79EFBC}") = "Unity.Services.Core", "Unity.Services.Core.csproj", "{436F007C-6BCA-629F-5491-D3A825C2F05E}"
EndProject
Project("{FAE04EC0-301F-11D3-BF4B-00C04F79EFBC}") = "Unity.Postprocessing.Editor", "Unity.Postprocessing.Editor.csproj", "{7710F68C-492A-6908-A20C-3921DA1E0EC9}"
EndProject
Project("{FAE04EC0-301F-11D3-BF4B-00C04F79EFBC}") = "Unity.VisualScripting.Flow", "Unity.VisualScripting.Flow.csproj", "{4380E4F2-EEA7-5452-0A8E-27BAE3C8D8E0}"
EndProject
Project("{FAE04EC0-301F-11D3-BF4B-00C04F79EFBC}") = "Fusion.Addons.Physics", "Fusion.Addons.Physics.csproj", "{169A227D-2383-7537-765C-BD1D5FDEB1BA}"
EndProject
Project("{FAE04EC0-301F-11D3-BF4B-00C04F79EFBC}") = "Unity.Services.Analytics.Editor", "Unity.Services.Analytics.Editor.csproj", "{900BA448-FA6A-C4FA-4D49-06FDC403E7D1}"
EndProject
Project("{FAE04EC0-301F-11D3-BF4B-00C04F79EFBC}") = "com.unity.cinemachine.editor", "com.unity.cinemachine.editor.csproj", "{732D5615-1E49-02B3-7785-3E51CB6D338C}"
EndProject
Project("{FAE04EC0-301F-11D3-BF4B-00C04F79EFBC}") = "Unity.Burst.Editor", "Unity.Burst.Editor.csproj", "{1E9F0228-DA08-0C05-1F4A-602D1D78F6F2}"
EndProject
Project("{FAE04EC0-301F-11D3-BF4B-00C04F79EFBC}") = "GPUInstancer.Editor", "GPUInstancer.Editor.csproj", "{92D432CF-7A11-C58B-CAAB-6F07E6CEC897}"
EndProject
Project("{FAE04EC0-301F-11D3-BF4B-00C04F79EFBC}") = "Unity.Rider.Editor", "Unity.Rider.Editor.csproj", "{8AD2A242-053B-DBEB-035D-ACF2F4B60870}"
EndProject
Project("{FAE04EC0-301F-11D3-BF4B-00C04F79EFBC}") = "Unity.VisualScripting.State", "Unity.VisualScripting.State.csproj", "{98F8D63A-7566-59BE-6866-3682B95EA48E}"
EndProject
Project("{FAE04EC0-301F-11D3-BF4B-00C04F79EFBC}") = "Unity.AI.Navigation.Updater", "Unity.AI.Navigation.Updater.csproj", "{25E48033-130E-DD55-9823-BDDFE395AF67}"
EndProject
Project("{FAE04EC0-301F-11D3-BF4B-00C04F79EFBC}") = "GPUInstancer", "GPUInstancer.csproj", "{1CBED70B-07CF-FF1F-EAB9-39B68024B59C}"
EndProject
Project("{FAE04EC0-301F-11D3-BF4B-00C04F79EFBC}") = "Unity.Postprocessing.Runtime", "Unity.Postprocessing.Runtime.csproj", "{179BE7C7-A4BF-4E65-5F1E-766882C02991}"
EndProject
Project("{FAE04EC0-301F-11D3-BF4B-00C04F79EFBC}") = "Assembly-CSharp-Editor", "Assembly-CSharp-Editor.csproj", "{3E8DCB19-F3DD-D4B1-83B7-61776CFB7691}"
EndProject
Project("{FAE04EC0-301F-11D3-BF4B-00C04F79EFBC}") = "Unity.Services.Authentication.PlayerAccounts.Editor", "Unity.Services.Authentication.PlayerAccounts.Editor.csproj", "{7770B11A-FF20-57FA-8ED9-8184BBF10BEE}"
EndProject
Project("{FAE04EC0-301F-11D3-BF4B-00C04F79EFBC}") = "Unity.AI.Navigation.Editor", "Unity.AI.Navigation.Editor.csproj", "{791E583E-49D9-F624-D59F-90B96B4982DB}"
EndProject
Project("{FAE04EC0-301F-11D3-BF4B-00C04F79EFBC}") = "Unity.Services.Core.Configuration.Editor", "Unity.Services.Core.Configuration.Editor.csproj", "{728E1BEB-9DDC-B73F-3EEE-DEFEFC276C69}"
EndProject
Project("{FAE04EC0-301F-11D3-BF4B-00C04F79EFBC}") = "Unity.Services.Core.Configuration", "Unity.Services.Core.Configuration.csproj", "{E93244C5-698A-797B-4655-189C90D24A32}"
EndProject
Project("{FAE04EC0-301F-11D3-BF4B-00C04F79EFBC}") = "Unity.Services.Core.Environments.Internal", "Unity.Services.Core.Environments.Internal.csproj", "{AF93189C-3AEA-D273-A474-5A6D86A91F96}"
EndProject
Project("{FAE04EC0-301F-11D3-BF4B-00C04F79EFBC}") = "Unity.InputSystem.ForUI", "Unity.InputSystem.ForUI.csproj", "{71DD1366-9976-E021-0841-1B2598024427}"
EndProject
Project("{FAE04EC0-301F-11D3-BF4B-00C04F79EFBC}") = "Unity.Services.Core.Scheduler", "Unity.Services.Core.Scheduler.csproj", "{9DF9B028-42F1-EA3B-9489-6751F810CCE5}"
EndProject
Project("{FAE04EC0-301F-11D3-BF4B-00C04F79EFBC}") = "Unity.AI.Navigation", "Unity.AI.Navigation.csproj", "{AE7EB7B8-DE61-16E8-ABE6-A7C48D961AD4}"
EndProject
Project("{FAE04EC0-301F-11D3-BF4B-00C04F79EFBC}") = "Unity.Collections.CodeGen", "Unity.Collections.CodeGen.csproj", "{0DFF1AA6-0F5D-604F-0B92-0A243A5142F1}"
EndProject
Project("{FAE04EC0-301F-11D3-BF4B-00C04F79EFBC}") = "Unity.Services.Core.Telemetry", "Unity.Services.Core.Telemetry.csproj", "{41648D72-C15B-FF09-2EA8-0AD3B5BDE7C9}"
EndProject
Project("{FAE04EC0-301F-11D3-BF4B-00C04F79EFBC}") = "Unity.Mathematics.Editor", "Unity.Mathematics.Editor.csproj", "{16692E42-3C09-0373-7A84-95E99FFA51F7}"
EndProject
Project("{FAE04EC0-301F-11D3-BF4B-00C04F79EFBC}") = "Unity.Services.Multiplay.Wire.Internal", "Unity.Services.Multiplay.Wire.Internal.csproj", "{C4D53F8F-79D1-C01B-A9A5-9C5845835342}"
EndProject
Project("{FAE04EC0-301F-11D3-BF4B-00C04F79EFBC}") = "Unity.VisualScripting.SettingsProvider.Editor", "Unity.VisualScripting.SettingsProvider.Editor.csproj", "{D36C329D-B1F3-8592-9F0B-E6B2632CC435}"
EndProject
Project("{FAE04EC0-301F-11D3-BF4B-00C04F79EFBC}") = "Unity.Services.Core.Threading", "Unity.Services.Core.Threading.csproj", "{9D509170-F727-D0CF-E78B-7FC248C3EB87}"
EndProject
Project("{FAE04EC0-301F-11D3-BF4B-00C04F79EFBC}") = "Unity.InputSystem.TestFramework", "Unity.InputSystem.TestFramework.csproj", "{2C8E637D-1A2A-4495-07E2-75B28480B8E0}"
EndProject
Project("{FAE04EC0-301F-11D3-BF4B-00C04F79EFBC}") = "Unity.Services.Multiplay.Sqp", "Unity.Services.Multiplay.Sqp.csproj", "{640624F7-C86C-BAEA-C6FA-D394F0231F29}"
EndProject
Project("{FAE04EC0-301F-11D3-BF4B-00C04F79EFBC}") = "Unity.Fusion.CodeGen", "Unity.Fusion.CodeGen.csproj", "{C8975473-BDD9-0F86-4AC3-2F430B21C1BD}"
EndProject
Project("{FAE04EC0-301F-11D3-BF4B-00C04F79EFBC}") = "Unity.VisualScripting.Shared.Editor", "Unity.VisualScripting.Shared.Editor.csproj", "{F179E857-E76F-E87E-2D27-F671391E24C3}"
EndProject
Project("{FAE04EC0-301F-11D3-BF4B-00C04F79EFBC}") = "Unity.Toolchain.Win-x86_64-Linux-x86_64", "Unity.Toolchain.Win-x86_64-Linux-x86_64.csproj", "{AAA6B6EA-6B53-DAD1-1638-9028A130E6AE}"
EndProject
Project("{FAE04EC0-301F-11D3-BF4B-00C04F79EFBC}") = "Unity.Services.Core.Device", "Unity.Services.Core.Device.csproj", "{410009B0-A875-C0D6-EABF-D35FCFCC1EAE}"
EndProject
Project("{FAE04EC0-301F-11D3-BF4B-00C04F79EFBC}") = "CandyCoded.env", "CandyCoded.env.csproj", "{16C5AB02-D2E3-F526-FD2E-0238531A6002}"
EndProject
Project("{FAE04EC0-301F-11D3-BF4B-00C04F79EFBC}") = "Unity.Animation.Rigging.DocCodeExamples", "Unity.Animation.Rigging.DocCodeExamples.csproj", "{002DC9EC-C35E-1530-12C1-44BC230BD021}"
EndProject
Project("{FAE04EC0-301F-11D3-BF4B-00C04F79EFBC}") = "Unity.Services.Core.Analytics", "Unity.Services.Core.Analytics.csproj", "{30D262A7-7E7E-B952-6500-E28E93861174}"
EndProject
Project("{FAE04EC0-301F-11D3-BF4B-00C04F79EFBC}") = "Unity.Collections.DocCodeSamples", "Unity.Collections.DocCodeSamples.csproj", "{E2B058CE-BE60-03C1-B774-95CEA978E873}"
EndProject
Project("{FAE04EC0-301F-11D3-BF4B-00C04F79EFBC}") = "Fusion.Unity.Editor", "Fusion.Unity.Editor.csproj", "{39DD10B8-5E09-AA4F-A9BF-DB8C3491909F}"
EndProject
Project("{FAE04EC0-301F-11D3-BF4B-00C04F79EFBC}") = "Unity.Services.Authentication.Editor.Shared", "Unity.Services.Authentication.Editor.Shared.csproj", "{0FC41823-E9AB-D299-4746-F4F60D557194}"
EndProject
Project("{FAE04EC0-301F-11D3-BF4B-00C04F79EFBC}") = "CandyCoded.env.Editor", "CandyCoded.env.Editor.csproj", "{652DA2B4-4548-077C-D3D4-018807E1AB6E}"
EndProject
Project("{FAE04EC0-301F-11D3-BF4B-00C04F79EFBC}") = "Unity.Services.Core.Registration", "Unity.Services.Core.Registration.csproj", "{798EB0CF-F2D8-AC43-B83D-B1136168093B}"
EndProject
Project("{FAE04EC0-301F-11D3-BF4B-00C04F79EFBC}") = "Unity.SysrootPackage.Editor", "Unity.SysrootPackage.Editor.csproj", "{2CD2B4A5-4439-5AE8-9ADA-1348303C3052}"
EndProject
Project("{FAE04EC0-301F-11D3-BF4B-00C04F79EFBC}") = "Unity.CollabProxy.Editor", "Unity.CollabProxy.Editor.csproj", "{9FF31E3A-52B7-AA25-BA6D-BBADC0EB1C52}"
EndProject
Project("{FAE04EC0-301F-11D3-BF4B-00C04F79EFBC}") = "Unity.Sysroot.Linux_x86_64", "Unity.Sysroot.Linux_x86_64.csproj", "{E467DADD-B004-51F4-6209-5350FFF67BC3}"
EndProject
Project("{FAE04EC0-301F-11D3-BF4B-00C04F79EFBC}") = "Unity.Services.Core.Networking", "Unity.Services.Core.Networking.csproj", "{D67FD987-D098-4EFD-8A01-877A24F27DB8}"
EndProject
Project("{FAE04EC0-301F-11D3-BF4B-00C04F79EFBC}") = "Unity.Services.Wire.Editor", "Unity.Services.Wire.Editor.csproj", "{28DE1DDF-97FF-55D4-DBFE-C0723D6C4136}"
EndProject
Project("{FAE04EC0-301F-11D3-BF4B-00C04F79EFBC}") = "Unity.Services.Core.Environments", "Unity.Services.Core.Environments.csproj", "{C50BAB33-2916-F2B7-6A62-AC1E18524649}"
EndProject
Project("{FAE04EC0-301F-11D3-BF4B-00C04F79EFBC}") = "Unity.Collections.Editor", "Unity.Collections.Editor.csproj", "{9E67E277-CB80-EA77-A1E3-C1F439DE9F59}"
EndProject
Project("{FAE04EC0-301F-11D3-BF4B-00C04F79EFBC}") = "Unity.Collections.BurstCompatibilityGen", "Unity.Collections.BurstCompatibilityGen.csproj", "{E58E05E8-1139-D79A-BEB1-BD1343D416C9}"
EndProject
Project("{FAE04EC0-301F-11D3-BF4B-00C04F79EFBC}") = "Fusion.Addons.Physics.Editor", "Fusion.Addons.Physics.Editor.csproj", "{4826551E-4477-53B1-089B-B5EDC640A3E9}"
EndProject
Global
	GlobalSection(SolutionConfigurationPlatforms) = preSolution
		Debug|Any CPU = Debug|Any CPU
		Release|Any CPU = Release|Any CPU
	EndGlobalSection
	GlobalSection(ProjectConfigurationPlatforms) = postSolution
		{51551651-0AC9-E17D-C03A-D7B13CCB1E58}.Debug|Any CPU.ActiveCfg = Debug|Any CPU
		{51551651-0AC9-E17D-C03A-D7B13CCB1E58}.Debug|Any CPU.Build.0 = Debug|Any CPU
		{51551651-0AC9-E17D-C03A-D7B13CCB1E58}.Release|Any CPU.ActiveCfg = Release|Any CPU
		{51551651-0AC9-E17D-C03A-D7B13CCB1E58}.Release|Any CPU.Build.0 = Release|Any CPU
		{CF41B8A5-05B1-BE85-8CE0-800E9E76F2FE}.Debug|Any CPU.ActiveCfg = Debug|Any CPU
		{CF41B8A5-05B1-BE85-8CE0-800E9E76F2FE}.Debug|Any CPU.Build.0 = Debug|Any CPU
		{CF41B8A5-05B1-BE85-8CE0-800E9E76F2FE}.Release|Any CPU.ActiveCfg = Release|Any CPU
		{CF41B8A5-05B1-BE85-8CE0-800E9E76F2FE}.Release|Any CPU.Build.0 = Release|Any CPU
		{204DA82F-9754-9E39-25D4-EE08EA076395}.Debug|Any CPU.ActiveCfg = Debug|Any CPU
		{204DA82F-9754-9E39-25D4-EE08EA076395}.Debug|Any CPU.Build.0 = Debug|Any CPU
		{204DA82F-9754-9E39-25D4-EE08EA076395}.Release|Any CPU.ActiveCfg = Release|Any CPU
		{204DA82F-9754-9E39-25D4-EE08EA076395}.Release|Any CPU.Build.0 = Release|Any CPU
		{3ABD91FB-DF2D-CD4B-9F4F-1A8F7EBD20F5}.Debug|Any CPU.ActiveCfg = Debug|Any CPU
		{3ABD91FB-DF2D-CD4B-9F4F-1A8F7EBD20F5}.Debug|Any CPU.Build.0 = Debug|Any CPU
		{3ABD91FB-DF2D-CD4B-9F4F-1A8F7EBD20F5}.Release|Any CPU.ActiveCfg = Release|Any CPU
		{3ABD91FB-DF2D-CD4B-9F4F-1A8F7EBD20F5}.Release|Any CPU.Build.0 = Release|Any CPU
		{26FCB49B-EE01-33BD-EEFD-2DEEB1C95282}.Debug|Any CPU.ActiveCfg = Debug|Any CPU
		{26FCB49B-EE01-33BD-EEFD-2DEEB1C95282}.Debug|Any CPU.Build.0 = Debug|Any CPU
		{26FCB49B-EE01-33BD-EEFD-2DEEB1C95282}.Release|Any CPU.ActiveCfg = Release|Any CPU
		{26FCB49B-EE01-33BD-EEFD-2DEEB1C95282}.Release|Any CPU.Build.0 = Release|Any CPU
		{F972D58F-059C-D7F2-060E-37A4EEE8FFCD}.Debug|Any CPU.ActiveCfg = Debug|Any CPU
		{F972D58F-059C-D7F2-060E-37A4EEE8FFCD}.Debug|Any CPU.Build.0 = Debug|Any CPU
		{F972D58F-059C-D7F2-060E-37A4EEE8FFCD}.Release|Any CPU.ActiveCfg = Release|Any CPU
		{F972D58F-059C-D7F2-060E-37A4EEE8FFCD}.Release|Any CPU.Build.0 = Release|Any CPU
		{072292FA-3771-FA4F-12D7-CE701709E09F}.Debug|Any CPU.ActiveCfg = Debug|Any CPU
		{072292FA-3771-FA4F-12D7-CE701709E09F}.Debug|Any CPU.Build.0 = Debug|Any CPU
		{072292FA-3771-FA4F-12D7-CE701709E09F}.Release|Any CPU.ActiveCfg = Release|Any CPU
		{072292FA-3771-FA4F-12D7-CE701709E09F}.Release|Any CPU.Build.0 = Release|Any CPU
		{94F1B95F-EDF6-99DC-4BA4-5C60D0297E62}.Debug|Any CPU.ActiveCfg = Debug|Any CPU
		{94F1B95F-EDF6-99DC-4BA4-5C60D0297E62}.Debug|Any CPU.Build.0 = Debug|Any CPU
		{94F1B95F-EDF6-99DC-4BA4-5C60D0297E62}.Release|Any CPU.ActiveCfg = Release|Any CPU
		{94F1B95F-EDF6-99DC-4BA4-5C60D0297E62}.Release|Any CPU.Build.0 = Release|Any CPU
		{2F290BBE-E1A9-E1A1-58FC-8853A39A8A07}.Debug|Any CPU.ActiveCfg = Debug|Any CPU
		{2F290BBE-E1A9-E1A1-58FC-8853A39A8A07}.Debug|Any CPU.Build.0 = Debug|Any CPU
		{2F290BBE-E1A9-E1A1-58FC-8853A39A8A07}.Release|Any CPU.ActiveCfg = Release|Any CPU
		{2F290BBE-E1A9-E1A1-58FC-8853A39A8A07}.Release|Any CPU.Build.0 = Release|Any CPU
		{8B571EDF-EA57-9579-4087-8238EF681768}.Debug|Any CPU.ActiveCfg = Debug|Any CPU
		{8B571EDF-EA57-9579-4087-8238EF681768}.Debug|Any CPU.Build.0 = Debug|Any CPU
		{8B571EDF-EA57-9579-4087-8238EF681768}.Release|Any CPU.ActiveCfg = Release|Any CPU
		{8B571EDF-EA57-9579-4087-8238EF681768}.Release|Any CPU.Build.0 = Release|Any CPU
		{E5C0AC15-7750-A64F-AA5F-A3E9A2E011EA}.Debug|Any CPU.ActiveCfg = Debug|Any CPU
		{E5C0AC15-7750-A64F-AA5F-A3E9A2E011EA}.Debug|Any CPU.Build.0 = Debug|Any CPU
		{E5C0AC15-7750-A64F-AA5F-A3E9A2E011EA}.Release|Any CPU.ActiveCfg = Release|Any CPU
		{E5C0AC15-7750-A64F-AA5F-A3E9A2E011EA}.Release|Any CPU.Build.0 = Release|Any CPU
		{4543B27D-53BC-C96A-A70C-E743B2B5FCA9}.Debug|Any CPU.ActiveCfg = Debug|Any CPU
		{4543B27D-53BC-C96A-A70C-E743B2B5FCA9}.Debug|Any CPU.Build.0 = Debug|Any CPU
		{4543B27D-53BC-C96A-A70C-E743B2B5FCA9}.Release|Any CPU.ActiveCfg = Release|Any CPU
		{4543B27D-53BC-C96A-A70C-E743B2B5FCA9}.Release|Any CPU.Build.0 = Release|Any CPU
		{2D43C041-967D-2FC8-FE47-352B2A50989F}.Debug|Any CPU.ActiveCfg = Debug|Any CPU
		{2D43C041-967D-2FC8-FE47-352B2A50989F}.Debug|Any CPU.Build.0 = Debug|Any CPU
		{2D43C041-967D-2FC8-FE47-352B2A50989F}.Release|Any CPU.ActiveCfg = Release|Any CPU
		{2D43C041-967D-2FC8-FE47-352B2A50989F}.Release|Any CPU.Build.0 = Release|Any CPU
		{FF56F8BB-FE25-7561-9D83-004163267966}.Debug|Any CPU.ActiveCfg = Debug|Any CPU
		{FF56F8BB-FE25-7561-9D83-004163267966}.Debug|Any CPU.Build.0 = Debug|Any CPU
		{FF56F8BB-FE25-7561-9D83-004163267966}.Release|Any CPU.ActiveCfg = Release|Any CPU
		{FF56F8BB-FE25-7561-9D83-004163267966}.Release|Any CPU.Build.0 = Release|Any CPU
		{A68095A8-3763-BC72-4D84-C836B6F94E03}.Debug|Any CPU.ActiveCfg = Debug|Any CPU
		{A68095A8-3763-BC72-4D84-C836B6F94E03}.Debug|Any CPU.Build.0 = Debug|Any CPU
		{A68095A8-3763-BC72-4D84-C836B6F94E03}.Release|Any CPU.ActiveCfg = Release|Any CPU
		{A68095A8-3763-BC72-4D84-C836B6F94E03}.Release|Any CPU.Build.0 = Release|Any CPU
		{653FB7D5-831A-83D5-8391-49549B48D6AD}.Debug|Any CPU.ActiveCfg = Debug|Any CPU
		{653FB7D5-831A-83D5-8391-49549B48D6AD}.Debug|Any CPU.Build.0 = Debug|Any CPU
		{653FB7D5-831A-83D5-8391-49549B48D6AD}.Release|Any CPU.ActiveCfg = Release|Any CPU
		{653FB7D5-831A-83D5-8391-49549B48D6AD}.Release|Any CPU.Build.0 = Release|Any CPU
		{1E5FB6F5-D460-0BFA-864F-8F7BFCB37602}.Debug|Any CPU.ActiveCfg = Debug|Any CPU
		{1E5FB6F5-D460-0BFA-864F-8F7BFCB37602}.Debug|Any CPU.Build.0 = Debug|Any CPU
		{1E5FB6F5-D460-0BFA-864F-8F7BFCB37602}.Release|Any CPU.ActiveCfg = Release|Any CPU
		{1E5FB6F5-D460-0BFA-864F-8F7BFCB37602}.Release|Any CPU.Build.0 = Release|Any CPU
		{B40496DD-2017-B2D7-53E9-01ABB5764ADA}.Debug|Any CPU.ActiveCfg = Debug|Any CPU
		{B40496DD-2017-B2D7-53E9-01ABB5764ADA}.Debug|Any CPU.Build.0 = Debug|Any CPU
		{B40496DD-2017-B2D7-53E9-01ABB5764ADA}.Release|Any CPU.ActiveCfg = Release|Any CPU
		{B40496DD-2017-B2D7-53E9-01ABB5764ADA}.Release|Any CPU.Build.0 = Release|Any CPU
		{A8958FD3-6E0F-66C2-233F-0ECFE9FE7ED2}.Debug|Any CPU.ActiveCfg = Debug|Any CPU
		{A8958FD3-6E0F-66C2-233F-0ECFE9FE7ED2}.Debug|Any CPU.Build.0 = Debug|Any CPU
		{A8958FD3-6E0F-66C2-233F-0ECFE9FE7ED2}.Release|Any CPU.ActiveCfg = Release|Any CPU
		{A8958FD3-6E0F-66C2-233F-0ECFE9FE7ED2}.Release|Any CPU.Build.0 = Release|Any CPU
		{3CB1D37B-4B1F-2FD0-13CA-978B1C109387}.Debug|Any CPU.ActiveCfg = Debug|Any CPU
		{3CB1D37B-4B1F-2FD0-13CA-978B1C109387}.Debug|Any CPU.Build.0 = Debug|Any CPU
		{3CB1D37B-4B1F-2FD0-13CA-978B1C109387}.Release|Any CPU.ActiveCfg = Release|Any CPU
		{3CB1D37B-4B1F-2FD0-13CA-978B1C109387}.Release|Any CPU.Build.0 = Release|Any CPU
		{AE2774C7-93DB-F68E-688C-A8429D80ED18}.Debug|Any CPU.ActiveCfg = Debug|Any CPU
		{AE2774C7-93DB-F68E-688C-A8429D80ED18}.Debug|Any CPU.Build.0 = Debug|Any CPU
		{AE2774C7-93DB-F68E-688C-A8429D80ED18}.Release|Any CPU.ActiveCfg = Release|Any CPU
		{AE2774C7-93DB-F68E-688C-A8429D80ED18}.Release|Any CPU.Build.0 = Release|Any CPU
		{6F796550-4BBA-11DD-184E-45078137FE7A}.Debug|Any CPU.ActiveCfg = Debug|Any CPU
		{6F796550-4BBA-11DD-184E-45078137FE7A}.Debug|Any CPU.Build.0 = Debug|Any CPU
		{6F796550-4BBA-11DD-184E-45078137FE7A}.Release|Any CPU.ActiveCfg = Release|Any CPU
		{6F796550-4BBA-11DD-184E-45078137FE7A}.Release|Any CPU.Build.0 = Release|Any CPU
		{0A1C226B-252C-1D0F-8B73-A1512C55642D}.Debug|Any CPU.ActiveCfg = Debug|Any CPU
		{0A1C226B-252C-1D0F-8B73-A1512C55642D}.Debug|Any CPU.Build.0 = Debug|Any CPU
		{0A1C226B-252C-1D0F-8B73-A1512C55642D}.Release|Any CPU.ActiveCfg = Release|Any CPU
		{0A1C226B-252C-1D0F-8B73-A1512C55642D}.Release|Any CPU.Build.0 = Release|Any CPU
		{53DC816B-CC41-35F4-39F1-DCCAF5A7D306}.Debug|Any CPU.ActiveCfg = Debug|Any CPU
		{53DC816B-CC41-35F4-39F1-DCCAF5A7D306}.Debug|Any CPU.Build.0 = Debug|Any CPU
		{53DC816B-CC41-35F4-39F1-DCCAF5A7D306}.Release|Any CPU.ActiveCfg = Release|Any CPU
		{53DC816B-CC41-35F4-39F1-DCCAF5A7D306}.Release|Any CPU.Build.0 = Release|Any CPU
		{A90B1A55-AE37-881B-C5DC-2BAF6D17DC66}.Debug|Any CPU.ActiveCfg = Debug|Any CPU
		{A90B1A55-AE37-881B-C5DC-2BAF6D17DC66}.Debug|Any CPU.Build.0 = Debug|Any CPU
		{A90B1A55-AE37-881B-C5DC-2BAF6D17DC66}.Release|Any CPU.ActiveCfg = Release|Any CPU
		{A90B1A55-AE37-881B-C5DC-2BAF6D17DC66}.Release|Any CPU.Build.0 = Release|Any CPU
		{C56884DA-5DFC-72CA-DD3C-265343186A40}.Debug|Any CPU.ActiveCfg = Debug|Any CPU
		{C56884DA-5DFC-72CA-DD3C-265343186A40}.Debug|Any CPU.Build.0 = Debug|Any CPU
		{C56884DA-5DFC-72CA-DD3C-265343186A40}.Release|Any CPU.ActiveCfg = Release|Any CPU
		{C56884DA-5DFC-72CA-DD3C-265343186A40}.Release|Any CPU.Build.0 = Release|Any CPU
		{D4C536A2-6731-E782-3610-1102D13EDD1A}.Debug|Any CPU.ActiveCfg = Debug|Any CPU
		{D4C536A2-6731-E782-3610-1102D13EDD1A}.Debug|Any CPU.Build.0 = Debug|Any CPU
		{D4C536A2-6731-E782-3610-1102D13EDD1A}.Release|Any CPU.ActiveCfg = Release|Any CPU
		{D4C536A2-6731-E782-3610-1102D13EDD1A}.Release|Any CPU.Build.0 = Release|Any CPU
		{A9C8C43D-3FFB-A731-3EDA-36F1575D372C}.Debug|Any CPU.ActiveCfg = Debug|Any CPU
		{A9C8C43D-3FFB-A731-3EDA-36F1575D372C}.Debug|Any CPU.Build.0 = Debug|Any CPU
		{A9C8C43D-3FFB-A731-3EDA-36F1575D372C}.Release|Any CPU.ActiveCfg = Release|Any CPU
		{A9C8C43D-3FFB-A731-3EDA-36F1575D372C}.Release|Any CPU.Build.0 = Release|Any CPU
		{490EC817-89C5-E5E1-A3F2-ED3840BAC9D4}.Debug|Any CPU.ActiveCfg = Debug|Any CPU
		{490EC817-89C5-E5E1-A3F2-ED3840BAC9D4}.Debug|Any CPU.Build.0 = Debug|Any CPU
		{490EC817-89C5-E5E1-A3F2-ED3840BAC9D4}.Release|Any CPU.ActiveCfg = Release|Any CPU
		{490EC817-89C5-E5E1-A3F2-ED3840BAC9D4}.Release|Any CPU.Build.0 = Release|Any CPU
		{D2334A69-465B-249D-6BD9-C2A84A9E2894}.Debug|Any CPU.ActiveCfg = Debug|Any CPU
		{D2334A69-465B-249D-6BD9-C2A84A9E2894}.Debug|Any CPU.Build.0 = Debug|Any CPU
		{D2334A69-465B-249D-6BD9-C2A84A9E2894}.Release|Any CPU.ActiveCfg = Release|Any CPU
		{D2334A69-465B-249D-6BD9-C2A84A9E2894}.Release|Any CPU.Build.0 = Release|Any CPU
		{EC485662-E630-18FF-5D1F-32638B9DDEDA}.Debug|Any CPU.ActiveCfg = Debug|Any CPU
		{EC485662-E630-18FF-5D1F-32638B9DDEDA}.Debug|Any CPU.Build.0 = Debug|Any CPU
		{EC485662-E630-18FF-5D1F-32638B9DDEDA}.Release|Any CPU.ActiveCfg = Release|Any CPU
		{EC485662-E630-18FF-5D1F-32638B9DDEDA}.Release|Any CPU.Build.0 = Release|Any CPU
		{2EC4713D-0AE7-AC64-7D90-E404A33BF6A3}.Debug|Any CPU.ActiveCfg = Debug|Any CPU
		{2EC4713D-0AE7-AC64-7D90-E404A33BF6A3}.Debug|Any CPU.Build.0 = Debug|Any CPU
		{2EC4713D-0AE7-AC64-7D90-E404A33BF6A3}.Release|Any CPU.ActiveCfg = Release|Any CPU
		{2EC4713D-0AE7-AC64-7D90-E404A33BF6A3}.Release|Any CPU.Build.0 = Release|Any CPU
		{3BEF2906-3BF0-0835-1D81-1448FF273093}.Debug|Any CPU.ActiveCfg = Debug|Any CPU
		{3BEF2906-3BF0-0835-1D81-1448FF273093}.Debug|Any CPU.Build.0 = Debug|Any CPU
		{3BEF2906-3BF0-0835-1D81-1448FF273093}.Release|Any CPU.ActiveCfg = Release|Any CPU
		{3BEF2906-3BF0-0835-1D81-1448FF273093}.Release|Any CPU.Build.0 = Release|Any CPU
		{58D886CA-F8F2-15AD-1EB4-1FFCD9F6579E}.Debug|Any CPU.ActiveCfg = Debug|Any CPU
		{58D886CA-F8F2-15AD-1EB4-1FFCD9F6579E}.Debug|Any CPU.Build.0 = Debug|Any CPU
		{58D886CA-F8F2-15AD-1EB4-1FFCD9F6579E}.Release|Any CPU.ActiveCfg = Release|Any CPU
		{58D886CA-F8F2-15AD-1EB4-1FFCD9F6579E}.Release|Any CPU.Build.0 = Release|Any CPU
		{436F007C-6BCA-629F-5491-D3A825C2F05E}.Debug|Any CPU.ActiveCfg = Debug|Any CPU
		{436F007C-6BCA-629F-5491-D3A825C2F05E}.Debug|Any CPU.Build.0 = Debug|Any CPU
		{436F007C-6BCA-629F-5491-D3A825C2F05E}.Release|Any CPU.ActiveCfg = Release|Any CPU
		{436F007C-6BCA-629F-5491-D3A825C2F05E}.Release|Any CPU.Build.0 = Release|Any CPU
		{7710F68C-492A-6908-A20C-3921DA1E0EC9}.Debug|Any CPU.ActiveCfg = Debug|Any CPU
		{7710F68C-492A-6908-A20C-3921DA1E0EC9}.Debug|Any CPU.Build.0 = Debug|Any CPU
		{7710F68C-492A-6908-A20C-3921DA1E0EC9}.Release|Any CPU.ActiveCfg = Release|Any CPU
		{7710F68C-492A-6908-A20C-3921DA1E0EC9}.Release|Any CPU.Build.0 = Release|Any CPU
		{4380E4F2-EEA7-5452-0A8E-27BAE3C8D8E0}.Debug|Any CPU.ActiveCfg = Debug|Any CPU
		{4380E4F2-EEA7-5452-0A8E-27BAE3C8D8E0}.Debug|Any CPU.Build.0 = Debug|Any CPU
		{4380E4F2-EEA7-5452-0A8E-27BAE3C8D8E0}.Release|Any CPU.ActiveCfg = Release|Any CPU
		{4380E4F2-EEA7-5452-0A8E-27BAE3C8D8E0}.Release|Any CPU.Build.0 = Release|Any CPU
		{169A227D-2383-7537-765C-BD1D5FDEB1BA}.Debug|Any CPU.ActiveCfg = Debug|Any CPU
		{169A227D-2383-7537-765C-BD1D5FDEB1BA}.Debug|Any CPU.Build.0 = Debug|Any CPU
		{169A227D-2383-7537-765C-BD1D5FDEB1BA}.Release|Any CPU.ActiveCfg = Release|Any CPU
		{169A227D-2383-7537-765C-BD1D5FDEB1BA}.Release|Any CPU.Build.0 = Release|Any CPU
		{900BA448-FA6A-C4FA-4D49-06FDC403E7D1}.Debug|Any CPU.ActiveCfg = Debug|Any CPU
		{900BA448-FA6A-C4FA-4D49-06FDC403E7D1}.Debug|Any CPU.Build.0 = Debug|Any CPU
		{900BA448-FA6A-C4FA-4D49-06FDC403E7D1}.Release|Any CPU.ActiveCfg = Release|Any CPU
		{900BA448-FA6A-C4FA-4D49-06FDC403E7D1}.Release|Any CPU.Build.0 = Release|Any CPU
		{732D5615-1E49-02B3-7785-3E51CB6D338C}.Debug|Any CPU.ActiveCfg = Debug|Any CPU
		{732D5615-1E49-02B3-7785-3E51CB6D338C}.Debug|Any CPU.Build.0 = Debug|Any CPU
		{732D5615-1E49-02B3-7785-3E51CB6D338C}.Release|Any CPU.ActiveCfg = Release|Any CPU
		{732D5615-1E49-02B3-7785-3E51CB6D338C}.Release|Any CPU.Build.0 = Release|Any CPU
		{1E9F0228-DA08-0C05-1F4A-602D1D78F6F2}.Debug|Any CPU.ActiveCfg = Debug|Any CPU
		{1E9F0228-DA08-0C05-1F4A-602D1D78F6F2}.Debug|Any CPU.Build.0 = Debug|Any CPU
		{1E9F0228-DA08-0C05-1F4A-602D1D78F6F2}.Release|Any CPU.ActiveCfg = Release|Any CPU
		{1E9F0228-DA08-0C05-1F4A-602D1D78F6F2}.Release|Any CPU.Build.0 = Release|Any CPU
		{92D432CF-7A11-C58B-CAAB-6F07E6CEC897}.Debug|Any CPU.ActiveCfg = Debug|Any CPU
		{92D432CF-7A11-C58B-CAAB-6F07E6CEC897}.Debug|Any CPU.Build.0 = Debug|Any CPU
		{92D432CF-7A11-C58B-CAAB-6F07E6CEC897}.Release|Any CPU.ActiveCfg = Release|Any CPU
		{92D432CF-7A11-C58B-CAAB-6F07E6CEC897}.Release|Any CPU.Build.0 = Release|Any CPU
		{8AD2A242-053B-DBEB-035D-ACF2F4B60870}.Debug|Any CPU.ActiveCfg = Debug|Any CPU
		{8AD2A242-053B-DBEB-035D-ACF2F4B60870}.Debug|Any CPU.Build.0 = Debug|Any CPU
		{8AD2A242-053B-DBEB-035D-ACF2F4B60870}.Release|Any CPU.ActiveCfg = Release|Any CPU
		{8AD2A242-053B-DBEB-035D-ACF2F4B60870}.Release|Any CPU.Build.0 = Release|Any CPU
		{98F8D63A-7566-59BE-6866-3682B95EA48E}.Debug|Any CPU.ActiveCfg = Debug|Any CPU
		{98F8D63A-7566-59BE-6866-3682B95EA48E}.Debug|Any CPU.Build.0 = Debug|Any CPU
		{98F8D63A-7566-59BE-6866-3682B95EA48E}.Release|Any CPU.ActiveCfg = Release|Any CPU
		{98F8D63A-7566-59BE-6866-3682B95EA48E}.Release|Any CPU.Build.0 = Release|Any CPU
		{25E48033-130E-DD55-9823-BDDFE395AF67}.Debug|Any CPU.ActiveCfg = Debug|Any CPU
		{25E48033-130E-DD55-9823-BDDFE395AF67}.Debug|Any CPU.Build.0 = Debug|Any CPU
		{25E48033-130E-DD55-9823-BDDFE395AF67}.Release|Any CPU.ActiveCfg = Release|Any CPU
		{25E48033-130E-DD55-9823-BDDFE395AF67}.Release|Any CPU.Build.0 = Release|Any CPU
		{1CBED70B-07CF-FF1F-EAB9-39B68024B59C}.Debug|Any CPU.ActiveCfg = Debug|Any CPU
		{1CBED70B-07CF-FF1F-EAB9-39B68024B59C}.Debug|Any CPU.Build.0 = Debug|Any CPU
		{1CBED70B-07CF-FF1F-EAB9-39B68024B59C}.Release|Any CPU.ActiveCfg = Release|Any CPU
		{1CBED70B-07CF-FF1F-EAB9-39B68024B59C}.Release|Any CPU.Build.0 = Release|Any CPU
		{179BE7C7-A4BF-4E65-5F1E-766882C02991}.Debug|Any CPU.ActiveCfg = Debug|Any CPU
		{179BE7C7-A4BF-4E65-5F1E-766882C02991}.Debug|Any CPU.Build.0 = Debug|Any CPU
		{179BE7C7-A4BF-4E65-5F1E-766882C02991}.Release|Any CPU.ActiveCfg = Release|Any CPU
		{179BE7C7-A4BF-4E65-5F1E-766882C02991}.Release|Any CPU.Build.0 = Release|Any CPU
		{3E8DCB19-F3DD-D4B1-83B7-61776CFB7691}.Debug|Any CPU.ActiveCfg = Debug|Any CPU
		{3E8DCB19-F3DD-D4B1-83B7-61776CFB7691}.Debug|Any CPU.Build.0 = Debug|Any CPU
		{3E8DCB19-F3DD-D4B1-83B7-61776CFB7691}.Release|Any CPU.ActiveCfg = Release|Any CPU
		{3E8DCB19-F3DD-D4B1-83B7-61776CFB7691}.Release|Any CPU.Build.0 = Release|Any CPU
		{7770B11A-FF20-57FA-8ED9-8184BBF10BEE}.Debug|Any CPU.ActiveCfg = Debug|Any CPU
		{7770B11A-FF20-57FA-8ED9-8184BBF10BEE}.Debug|Any CPU.Build.0 = Debug|Any CPU
		{7770B11A-FF20-57FA-8ED9-8184BBF10BEE}.Release|Any CPU.ActiveCfg = Release|Any CPU
		{7770B11A-FF20-57FA-8ED9-8184BBF10BEE}.Release|Any CPU.Build.0 = Release|Any CPU
		{791E583E-49D9-F624-D59F-90B96B4982DB}.Debug|Any CPU.ActiveCfg = Debug|Any CPU
		{791E583E-49D9-F624-D59F-90B96B4982DB}.Debug|Any CPU.Build.0 = Debug|Any CPU
		{791E583E-49D9-F624-D59F-90B96B4982DB}.Release|Any CPU.ActiveCfg = Release|Any CPU
		{791E583E-49D9-F624-D59F-90B96B4982DB}.Release|Any CPU.Build.0 = Release|Any CPU
		{728E1BEB-9DDC-B73F-3EEE-DEFEFC276C69}.Debug|Any CPU.ActiveCfg = Debug|Any CPU
		{728E1BEB-9DDC-B73F-3EEE-DEFEFC276C69}.Debug|Any CPU.Build.0 = Debug|Any CPU
		{728E1BEB-9DDC-B73F-3EEE-DEFEFC276C69}.Release|Any CPU.ActiveCfg = Release|Any CPU
		{728E1BEB-9DDC-B73F-3EEE-DEFEFC276C69}.Release|Any CPU.Build.0 = Release|Any CPU
		{E93244C5-698A-797B-4655-189C90D24A32}.Debug|Any CPU.ActiveCfg = Debug|Any CPU
		{E93244C5-698A-797B-4655-189C90D24A32}.Debug|Any CPU.Build.0 = Debug|Any CPU
		{E93244C5-698A-797B-4655-189C90D24A32}.Release|Any CPU.ActiveCfg = Release|Any CPU
		{E93244C5-698A-797B-4655-189C90D24A32}.Release|Any CPU.Build.0 = Release|Any CPU
		{AF93189C-3AEA-D273-A474-5A6D86A91F96}.Debug|Any CPU.ActiveCfg = Debug|Any CPU
		{AF93189C-3AEA-D273-A474-5A6D86A91F96}.Debug|Any CPU.Build.0 = Debug|Any CPU
		{AF93189C-3AEA-D273-A474-5A6D86A91F96}.Release|Any CPU.ActiveCfg = Release|Any CPU
		{AF93189C-3AEA-D273-A474-5A6D86A91F96}.Release|Any CPU.Build.0 = Release|Any CPU
		{71DD1366-9976-E021-0841-1B2598024427}.Debug|Any CPU.ActiveCfg = Debug|Any CPU
		{71DD1366-9976-E021-0841-1B2598024427}.Debug|Any CPU.Build.0 = Debug|Any CPU
		{71DD1366-9976-E021-0841-1B2598024427}.Release|Any CPU.ActiveCfg = Release|Any CPU
		{71DD1366-9976-E021-0841-1B2598024427}.Release|Any CPU.Build.0 = Release|Any CPU
		{9DF9B028-42F1-EA3B-9489-6751F810CCE5}.Debug|Any CPU.ActiveCfg = Debug|Any CPU
		{9DF9B028-42F1-EA3B-9489-6751F810CCE5}.Debug|Any CPU.Build.0 = Debug|Any CPU
		{9DF9B028-42F1-EA3B-9489-6751F810CCE5}.Release|Any CPU.ActiveCfg = Release|Any CPU
		{9DF9B028-42F1-EA3B-9489-6751F810CCE5}.Release|Any CPU.Build.0 = Release|Any CPU
		{AE7EB7B8-DE61-16E8-ABE6-A7C48D961AD4}.Debug|Any CPU.ActiveCfg = Debug|Any CPU
		{AE7EB7B8-DE61-16E8-ABE6-A7C48D961AD4}.Debug|Any CPU.Build.0 = Debug|Any CPU
		{AE7EB7B8-DE61-16E8-ABE6-A7C48D961AD4}.Release|Any CPU.ActiveCfg = Release|Any CPU
		{AE7EB7B8-DE61-16E8-ABE6-A7C48D961AD4}.Release|Any CPU.Build.0 = Release|Any CPU
		{0DFF1AA6-0F5D-604F-0B92-0A243A5142F1}.Debug|Any CPU.ActiveCfg = Debug|Any CPU
		{0DFF1AA6-0F5D-604F-0B92-0A243A5142F1}.Debug|Any CPU.Build.0 = Debug|Any CPU
		{0DFF1AA6-0F5D-604F-0B92-0A243A5142F1}.Release|Any CPU.ActiveCfg = Release|Any CPU
		{0DFF1AA6-0F5D-604F-0B92-0A243A5142F1}.Release|Any CPU.Build.0 = Release|Any CPU
		{41648D72-C15B-FF09-2EA8-0AD3B5BDE7C9}.Debug|Any CPU.ActiveCfg = Debug|Any CPU
		{41648D72-C15B-FF09-2EA8-0AD3B5BDE7C9}.Debug|Any CPU.Build.0 = Debug|Any CPU
		{41648D72-C15B-FF09-2EA8-0AD3B5BDE7C9}.Release|Any CPU.ActiveCfg = Release|Any CPU
		{41648D72-C15B-FF09-2EA8-0AD3B5BDE7C9}.Release|Any CPU.Build.0 = Release|Any CPU
		{16692E42-3C09-0373-7A84-95E99FFA51F7}.Debug|Any CPU.ActiveCfg = Debug|Any CPU
		{16692E42-3C09-0373-7A84-95E99FFA51F7}.Debug|Any CPU.Build.0 = Debug|Any CPU
		{16692E42-3C09-0373-7A84-95E99FFA51F7}.Release|Any CPU.ActiveCfg = Release|Any CPU
		{16692E42-3C09-0373-7A84-95E99FFA51F7}.Release|Any CPU.Build.0 = Release|Any CPU
		{C4D53F8F-79D1-C01B-A9A5-9C5845835342}.Debug|Any CPU.ActiveCfg = Debug|Any CPU
		{C4D53F8F-79D1-C01B-A9A5-9C5845835342}.Debug|Any CPU.Build.0 = Debug|Any CPU
		{C4D53F8F-79D1-C01B-A9A5-9C5845835342}.Release|Any CPU.ActiveCfg = Release|Any CPU
		{C4D53F8F-79D1-C01B-A9A5-9C5845835342}.Release|Any CPU.Build.0 = Release|Any CPU
		{D36C329D-B1F3-8592-9F0B-E6B2632CC435}.Debug|Any CPU.ActiveCfg = Debug|Any CPU
		{D36C329D-B1F3-8592-9F0B-E6B2632CC435}.Debug|Any CPU.Build.0 = Debug|Any CPU
		{D36C329D-B1F3-8592-9F0B-E6B2632CC435}.Release|Any CPU.ActiveCfg = Release|Any CPU
		{D36C329D-B1F3-8592-9F0B-E6B2632CC435}.Release|Any CPU.Build.0 = Release|Any CPU
		{9D509170-F727-D0CF-E78B-7FC248C3EB87}.Debug|Any CPU.ActiveCfg = Debug|Any CPU
		{9D509170-F727-D0CF-E78B-7FC248C3EB87}.Debug|Any CPU.Build.0 = Debug|Any CPU
		{9D509170-F727-D0CF-E78B-7FC248C3EB87}.Release|Any CPU.ActiveCfg = Release|Any CPU
		{9D509170-F727-D0CF-E78B-7FC248C3EB87}.Release|Any CPU.Build.0 = Release|Any CPU
		{2C8E637D-1A2A-4495-07E2-75B28480B8E0}.Debug|Any CPU.ActiveCfg = Debug|Any CPU
		{2C8E637D-1A2A-4495-07E2-75B28480B8E0}.Debug|Any CPU.Build.0 = Debug|Any CPU
		{2C8E637D-1A2A-4495-07E2-75B28480B8E0}.Release|Any CPU.ActiveCfg = Release|Any CPU
		{2C8E637D-1A2A-4495-07E2-75B28480B8E0}.Release|Any CPU.Build.0 = Release|Any CPU
		{640624F7-C86C-BAEA-C6FA-D394F0231F29}.Debug|Any CPU.ActiveCfg = Debug|Any CPU
		{640624F7-C86C-BAEA-C6FA-D394F0231F29}.Debug|Any CPU.Build.0 = Debug|Any CPU
		{640624F7-C86C-BAEA-C6FA-D394F0231F29}.Release|Any CPU.ActiveCfg = Release|Any CPU
		{640624F7-C86C-BAEA-C6FA-D394F0231F29}.Release|Any CPU.Build.0 = Release|Any CPU
		{C8975473-BDD9-0F86-4AC3-2F430B21C1BD}.Debug|Any CPU.ActiveCfg = Debug|Any CPU
		{C8975473-BDD9-0F86-4AC3-2F430B21C1BD}.Debug|Any CPU.Build.0 = Debug|Any CPU
		{C8975473-BDD9-0F86-4AC3-2F430B21C1BD}.Release|Any CPU.ActiveCfg = Release|Any CPU
		{C8975473-BDD9-0F86-4AC3-2F430B21C1BD}.Release|Any CPU.Build.0 = Release|Any CPU
		{F179E857-E76F-E87E-2D27-F671391E24C3}.Debug|Any CPU.ActiveCfg = Debug|Any CPU
		{F179E857-E76F-E87E-2D27-F671391E24C3}.Debug|Any CPU.Build.0 = Debug|Any CPU
		{F179E857-E76F-E87E-2D27-F671391E24C3}.Release|Any CPU.ActiveCfg = Release|Any CPU
		{F179E857-E76F-E87E-2D27-F671391E24C3}.Release|Any CPU.Build.0 = Release|Any CPU
		{AAA6B6EA-6B53-DAD1-1638-9028A130E6AE}.Debug|Any CPU.ActiveCfg = Debug|Any CPU
		{AAA6B6EA-6B53-DAD1-1638-9028A130E6AE}.Debug|Any CPU.Build.0 = Debug|Any CPU
		{AAA6B6EA-6B53-DAD1-1638-9028A130E6AE}.Release|Any CPU.ActiveCfg = Release|Any CPU
		{AAA6B6EA-6B53-DAD1-1638-9028A130E6AE}.Release|Any CPU.Build.0 = Release|Any CPU
		{410009B0-A875-C0D6-EABF-D35FCFCC1EAE}.Debug|Any CPU.ActiveCfg = Debug|Any CPU
		{410009B0-A875-C0D6-EABF-D35FCFCC1EAE}.Debug|Any CPU.Build.0 = Debug|Any CPU
		{410009B0-A875-C0D6-EABF-D35FCFCC1EAE}.Release|Any CPU.ActiveCfg = Release|Any CPU
		{410009B0-A875-C0D6-EABF-D35FCFCC1EAE}.Release|Any CPU.Build.0 = Release|Any CPU
		{16C5AB02-D2E3-F526-FD2E-0238531A6002}.Debug|Any CPU.ActiveCfg = Debug|Any CPU
		{16C5AB02-D2E3-F526-FD2E-0238531A6002}.Debug|Any CPU.Build.0 = Debug|Any CPU
		{16C5AB02-D2E3-F526-FD2E-0238531A6002}.Release|Any CPU.ActiveCfg = Release|Any CPU
		{16C5AB02-D2E3-F526-FD2E-0238531A6002}.Release|Any CPU.Build.0 = Release|Any CPU
		{002DC9EC-C35E-1530-12C1-44BC230BD021}.Debug|Any CPU.ActiveCfg = Debug|Any CPU
		{002DC9EC-C35E-1530-12C1-44BC230BD021}.Debug|Any CPU.Build.0 = Debug|Any CPU
		{002DC9EC-C35E-1530-12C1-44BC230BD021}.Release|Any CPU.ActiveCfg = Release|Any CPU
		{002DC9EC-C35E-1530-12C1-44BC230BD021}.Release|Any CPU.Build.0 = Release|Any CPU
		{30D262A7-7E7E-B952-6500-E28E93861174}.Debug|Any CPU.ActiveCfg = Debug|Any CPU
		{30D262A7-7E7E-B952-6500-E28E93861174}.Debug|Any CPU.Build.0 = Debug|Any CPU
		{30D262A7-7E7E-B952-6500-E28E93861174}.Release|Any CPU.ActiveCfg = Release|Any CPU
		{30D262A7-7E7E-B952-6500-E28E93861174}.Release|Any CPU.Build.0 = Release|Any CPU
		{E2B058CE-BE60-03C1-B774-95CEA978E873}.Debug|Any CPU.ActiveCfg = Debug|Any CPU
		{E2B058CE-BE60-03C1-B774-95CEA978E873}.Debug|Any CPU.Build.0 = Debug|Any CPU
		{E2B058CE-BE60-03C1-B774-95CEA978E873}.Release|Any CPU.ActiveCfg = Release|Any CPU
		{E2B058CE-BE60-03C1-B774-95CEA978E873}.Release|Any CPU.Build.0 = Release|Any CPU
		{39DD10B8-5E09-AA4F-A9BF-DB8C3491909F}.Debug|Any CPU.ActiveCfg = Debug|Any CPU
		{39DD10B8-5E09-AA4F-A9BF-DB8C3491909F}.Debug|Any CPU.Build.0 = Debug|Any CPU
		{39DD10B8-5E09-AA4F-A9BF-DB8C3491909F}.Release|Any CPU.ActiveCfg = Release|Any CPU
		{39DD10B8-5E09-AA4F-A9BF-DB8C3491909F}.Release|Any CPU.Build.0 = Release|Any CPU
		{0FC41823-E9AB-D299-4746-F4F60D557194}.Debug|Any CPU.ActiveCfg = Debug|Any CPU
		{0FC41823-E9AB-D299-4746-F4F60D557194}.Debug|Any CPU.Build.0 = Debug|Any CPU
		{0FC41823-E9AB-D299-4746-F4F60D557194}.Release|Any CPU.ActiveCfg = Release|Any CPU
		{0FC41823-E9AB-D299-4746-F4F60D557194}.Release|Any CPU.Build.0 = Release|Any CPU
		{652DA2B4-4548-077C-D3D4-018807E1AB6E}.Debug|Any CPU.ActiveCfg = Debug|Any CPU
		{652DA2B4-4548-077C-D3D4-018807E1AB6E}.Debug|Any CPU.Build.0 = Debug|Any CPU
		{652DA2B4-4548-077C-D3D4-018807E1AB6E}.Release|Any CPU.ActiveCfg = Release|Any CPU
		{652DA2B4-4548-077C-D3D4-018807E1AB6E}.Release|Any CPU.Build.0 = Release|Any CPU
		{798EB0CF-F2D8-AC43-B83D-B1136168093B}.Debug|Any CPU.ActiveCfg = Debug|Any CPU
		{798EB0CF-F2D8-AC43-B83D-B1136168093B}.Debug|Any CPU.Build.0 = Debug|Any CPU
		{798EB0CF-F2D8-AC43-B83D-B1136168093B}.Release|Any CPU.ActiveCfg = Release|Any CPU
		{798EB0CF-F2D8-AC43-B83D-B1136168093B}.Release|Any CPU.Build.0 = Release|Any CPU
		{2CD2B4A5-4439-5AE8-9ADA-1348303C3052}.Debug|Any CPU.ActiveCfg = Debug|Any CPU
		{2CD2B4A5-4439-5AE8-9ADA-1348303C3052}.Debug|Any CPU.Build.0 = Debug|Any CPU
		{2CD2B4A5-4439-5AE8-9ADA-1348303C3052}.Release|Any CPU.ActiveCfg = Release|Any CPU
		{2CD2B4A5-4439-5AE8-9ADA-1348303C3052}.Release|Any CPU.Build.0 = Release|Any CPU
		{9FF31E3A-52B7-AA25-BA6D-BBADC0EB1C52}.Debug|Any CPU.ActiveCfg = Debug|Any CPU
		{9FF31E3A-52B7-AA25-BA6D-BBADC0EB1C52}.Debug|Any CPU.Build.0 = Debug|Any CPU
		{9FF31E3A-52B7-AA25-BA6D-BBADC0EB1C52}.Release|Any CPU.ActiveCfg = Release|Any CPU
		{9FF31E3A-52B7-AA25-BA6D-BBADC0EB1C52}.Release|Any CPU.Build.0 = Release|Any CPU
		{E467DADD-B004-51F4-6209-5350FFF67BC3}.Debug|Any CPU.ActiveCfg = Debug|Any CPU
		{E467DADD-B004-51F4-6209-5350FFF67BC3}.Debug|Any CPU.Build.0 = Debug|Any CPU
		{E467DADD-B004-51F4-6209-5350FFF67BC3}.Release|Any CPU.ActiveCfg = Release|Any CPU
		{E467DADD-B004-51F4-6209-5350FFF67BC3}.Release|Any CPU.Build.0 = Release|Any CPU
		{D67FD987-D098-4EFD-8A01-877A24F27DB8}.Debug|Any CPU.ActiveCfg = Debug|Any CPU
		{D67FD987-D098-4EFD-8A01-877A24F27DB8}.Debug|Any CPU.Build.0 = Debug|Any CPU
		{D67FD987-D098-4EFD-8A01-877A24F27DB8}.Release|Any CPU.ActiveCfg = Release|Any CPU
		{D67FD987-D098-4EFD-8A01-877A24F27DB8}.Release|Any CPU.Build.0 = Release|Any CPU
		{28DE1DDF-97FF-55D4-DBFE-C0723D6C4136}.Debug|Any CPU.ActiveCfg = Debug|Any CPU
		{28DE1DDF-97FF-55D4-DBFE-C0723D6C4136}.Debug|Any CPU.Build.0 = Debug|Any CPU
		{28DE1DDF-97FF-55D4-DBFE-C0723D6C4136}.Release|Any CPU.ActiveCfg = Release|Any CPU
		{28DE1DDF-97FF-55D4-DBFE-C0723D6C4136}.Release|Any CPU.Build.0 = Release|Any CPU
		{C50BAB33-2916-F2B7-6A62-AC1E18524649}.Debug|Any CPU.ActiveCfg = Debug|Any CPU
		{C50BAB33-2916-F2B7-6A62-AC1E18524649}.Debug|Any CPU.Build.0 = Debug|Any CPU
		{C50BAB33-2916-F2B7-6A62-AC1E18524649}.Release|Any CPU.ActiveCfg = Release|Any CPU
		{C50BAB33-2916-F2B7-6A62-AC1E18524649}.Release|Any CPU.Build.0 = Release|Any CPU
		{9E67E277-CB80-EA77-A1E3-C1F439DE9F59}.Debug|Any CPU.ActiveCfg = Debug|Any CPU
		{9E67E277-CB80-EA77-A1E3-C1F439DE9F59}.Debug|Any CPU.Build.0 = Debug|Any CPU
		{9E67E277-CB80-EA77-A1E3-C1F439DE9F59}.Release|Any CPU.ActiveCfg = Release|Any CPU
		{9E67E277-CB80-EA77-A1E3-C1F439DE9F59}.Release|Any CPU.Build.0 = Release|Any CPU
		{E58E05E8-1139-D79A-BEB1-BD1343D416C9}.Debug|Any CPU.ActiveCfg = Debug|Any CPU
		{E58E05E8-1139-D79A-BEB1-BD1343D416C9}.Debug|Any CPU.Build.0 = Debug|Any CPU
		{E58E05E8-1139-D79A-BEB1-BD1343D416C9}.Release|Any CPU.ActiveCfg = Release|Any CPU
		{E58E05E8-1139-D79A-BEB1-BD1343D416C9}.Release|Any CPU.Build.0 = Release|Any CPU
		{4826551E-4477-53B1-089B-B5EDC640A3E9}.Debug|Any CPU.ActiveCfg = Debug|Any CPU
		{4826551E-4477-53B1-089B-B5EDC640A3E9}.Debug|Any CPU.Build.0 = Debug|Any CPU
		{4826551E-4477-53B1-089B-B5EDC640A3E9}.Release|Any CPU.ActiveCfg = Release|Any CPU
		{4826551E-4477-53B1-089B-B5EDC640A3E9}.Release|Any CPU.Build.0 = Release|Any CPU
	EndGlobalSection
	GlobalSection(SolutionProperties) = preSolution
		HideSolutionNode = FALSE
	EndGlobalSection
EndGlobal
